// !$*UTF8*$!
{
	archiveVersion = 1;
	classes = {
	};
	objectVersion = 56;
	objects = {

/* Begin PBXBuildFile section */
		1CB5DFDD29CD8A84001AB0B3 /* AppDelegate.swift in Sources */ = {isa = PBXBuildFile; fileRef = 1CB5DFDC29CD8A84001AB0B3 /* AppDelegate.swift */; };
		1CB5DFDF29CD8A84001AB0B3 /* SceneDelegate.swift in Sources */ = {isa = PBXBuildFile; fileRef = 1CB5DFDE29CD8A84001AB0B3 /* SceneDelegate.swift */; };
		1CB5DFE129CD8A84001AB0B3 /* ViewController.swift in Sources */ = {isa = PBXBuildFile; fileRef = 1CB5DFE029CD8A84001AB0B3 /* ViewController.swift */; };
		1CB5DFE429CD8A84001AB0B3 /* Main.storyboard in Resources */ = {isa = PBXBuildFile; fileRef = 1CB5DFE229CD8A84001AB0B3 /* Main.storyboard */; };
		1CB5DFE629CD8A85001AB0B3 /* Assets.xcassets in Resources */ = {isa = PBXBuildFile; fileRef = 1CB5DFE529CD8A85001AB0B3 /* Assets.xcassets */; };
		1CB5DFE929CD8A85001AB0B3 /* LaunchScreen.storyboard in Resources */ = {isa = PBXBuildFile; fileRef = 1CB5DFE729CD8A85001AB0B3 /* LaunchScreen.storyboard */; };
		1CB5DFF429CD8A85001AB0B3 /* NetworkingMentoringSessionTests.swift in Sources */ = {isa = PBXBuildFile; fileRef = 1CB5DFF329CD8A85001AB0B3 /* NetworkingMentoringSessionTests.swift */; };
		1CB5DFFE29CD8A85001AB0B3 /* NetworkingMentoringSessionUITests.swift in Sources */ = {isa = PBXBuildFile; fileRef = 1CB5DFFD29CD8A85001AB0B3 /* NetworkingMentoringSessionUITests.swift */; };
		1CB5E00029CD8A85001AB0B3 /* NetworkingMentoringSessionUITestsLaunchTests.swift in Sources */ = {isa = PBXBuildFile; fileRef = 1CB5DFFF29CD8A85001AB0B3 /* NetworkingMentoringSessionUITestsLaunchTests.swift */; };
/* End PBXBuildFile section */

/* Begin PBXContainerItemProxy section */
		1CB5DFF029CD8A85001AB0B3 /* PBXContainerItemProxy */ = {
			isa = PBXContainerItemProxy;
			containerPortal = 1CB5DFD129CD8A84001AB0B3 /* Project object */;
			proxyType = 1;
			remoteGlobalIDString = 1CB5DFD829CD8A84001AB0B3;
			remoteInfo = NetworkingMentoringSession;
		};
		1CB5DFFA29CD8A85001AB0B3 /* PBXContainerItemProxy */ = {
			isa = PBXContainerItemProxy;
			containerPortal = 1CB5DFD129CD8A84001AB0B3 /* Project object */;
			proxyType = 1;
			remoteGlobalIDString = 1CB5DFD829CD8A84001AB0B3;
			remoteInfo = NetworkingMentoringSession;
		};
/* End PBXContainerItemProxy section */

/* Begin PBXFileReference section */
		1CB5DFD929CD8A84001AB0B3 /* NetworkingMentoringSession.app */ = {isa = PBXFileReference; explicitFileType = wrapper.application; includeInIndex = 0; path = NetworkingMentoringSession.app; sourceTree = BUILT_PRODUCTS_DIR; };
		1CB5DFDC29CD8A84001AB0B3 /* AppDelegate.swift */ = {isa = PBXFileReference; lastKnownFileType = sourcecode.swift; path = AppDelegate.swift; sourceTree = "<group>"; };
		1CB5DFDE29CD8A84001AB0B3 /* SceneDelegate.swift */ = {isa = PBXFileReference; lastKnownFileType = sourcecode.swift; path = SceneDelegate.swift; sourceTree = "<group>"; };
		1CB5DFE029CD8A84001AB0B3 /* ViewController.swift */ = {isa = PBXFileReference; lastKnownFileType = sourcecode.swift; path = ViewController.swift; sourceTree = "<group>"; };
		1CB5DFE329CD8A84001AB0B3 /* Base */ = {isa = PBXFileReference; lastKnownFileType = file.storyboard; name = Base; path = Base.lproj/Main.storyboard; sourceTree = "<group>"; };
		1CB5DFE529CD8A85001AB0B3 /* Assets.xcassets */ = {isa = PBXFileReference; lastKnownFileType = folder.assetcatalog; path = Assets.xcassets; sourceTree = "<group>"; };
		1CB5DFE829CD8A85001AB0B3 /* Base */ = {isa = PBXFileReference; lastKnownFileType = file.storyboard; name = Base; path = Base.lproj/LaunchScreen.storyboard; sourceTree = "<group>"; };
		1CB5DFEA29CD8A85001AB0B3 /* Info.plist */ = {isa = PBXFileReference; lastKnownFileType = text.plist.xml; path = Info.plist; sourceTree = "<group>"; };
		1CB5DFEF29CD8A85001AB0B3 /* NetworkingMentoringSessionTests.xctest */ = {isa = PBXFileReference; explicitFileType = wrapper.cfbundle; includeInIndex = 0; path = NetworkingMentoringSessionTests.xctest; sourceTree = BUILT_PRODUCTS_DIR; };
		1CB5DFF329CD8A85001AB0B3 /* NetworkingMentoringSessionTests.swift */ = {isa = PBXFileReference; lastKnownFileType = sourcecode.swift; path = NetworkingMentoringSessionTests.swift; sourceTree = "<group>"; };
		1CB5DFF929CD8A85001AB0B3 /* NetworkingMentoringSessionUITests.xctest */ = {isa = PBXFileReference; explicitFileType = wrapper.cfbundle; includeInIndex = 0; path = NetworkingMentoringSessionUITests.xctest; sourceTree = BUILT_PRODUCTS_DIR; };
		1CB5DFFD29CD8A85001AB0B3 /* NetworkingMentoringSessionUITests.swift */ = {isa = PBXFileReference; lastKnownFileType = sourcecode.swift; path = NetworkingMentoringSessionUITests.swift; sourceTree = "<group>"; };
		1CB5DFFF29CD8A85001AB0B3 /* NetworkingMentoringSessionUITestsLaunchTests.swift */ = {isa = PBXFileReference; lastKnownFileType = sourcecode.swift; path = NetworkingMentoringSessionUITestsLaunchTests.swift; sourceTree = "<group>"; };
/* End PBXFileReference section */

/* Begin PBXFrameworksBuildPhase section */
		1CB5DFD629CD8A84001AB0B3 /* Frameworks */ = {
			isa = PBXFrameworksBuildPhase;
			buildActionMask = 2147483647;
			files = (
			);
			runOnlyForDeploymentPostprocessing = 0;
		};
		1CB5DFEC29CD8A85001AB0B3 /* Frameworks */ = {
			isa = PBXFrameworksBuildPhase;
			buildActionMask = 2147483647;
			files = (
			);
			runOnlyForDeploymentPostprocessing = 0;
		};
		1CB5DFF629CD8A85001AB0B3 /* Frameworks */ = {
			isa = PBXFrameworksBuildPhase;
			buildActionMask = 2147483647;
			files = (
			);
			runOnlyForDeploymentPostprocessing = 0;
		};
/* End PBXFrameworksBuildPhase section */

/* Begin PBXGroup section */
		1CB5DFD029CD8A84001AB0B3 = {
			isa = PBXGroup;
			children = (
				1CB5DFDB29CD8A84001AB0B3 /* NetworkingMentoringSession */,
				1CB5DFF229CD8A85001AB0B3 /* NetworkingMentoringSessionTests */,
				1CB5DFFC29CD8A85001AB0B3 /* NetworkingMentoringSessionUITests */,
				1CB5DFDA29CD8A84001AB0B3 /* Products */,
			);
			sourceTree = "<group>";
		};
		1CB5DFDA29CD8A84001AB0B3 /* Products */ = {
			isa = PBXGroup;
			children = (
				1CB5DFD929CD8A84001AB0B3 /* NetworkingMentoringSession.app */,
				1CB5DFEF29CD8A85001AB0B3 /* NetworkingMentoringSessionTests.xctest */,
				1CB5DFF929CD8A85001AB0B3 /* NetworkingMentoringSessionUITests.xctest */,
			);
			name = Products;
			sourceTree = "<group>";
		};
		1CB5DFDB29CD8A84001AB0B3 /* NetworkingMentoringSession */ = {
			isa = PBXGroup;
			children = (
				1CB5DFDC29CD8A84001AB0B3 /* AppDelegate.swift */,
				1CB5DFDE29CD8A84001AB0B3 /* SceneDelegate.swift */,
				1CB5DFE029CD8A84001AB0B3 /* ViewController.swift */,
				1CB5DFE229CD8A84001AB0B3 /* Main.storyboard */,
				1CB5DFE529CD8A85001AB0B3 /* Assets.xcassets */,
				1CB5DFE729CD8A85001AB0B3 /* LaunchScreen.storyboard */,
				1CB5DFEA29CD8A85001AB0B3 /* Info.plist */,
			);
			path = NetworkingMentoringSession;
			sourceTree = "<group>";
		};
		1CB5DFF229CD8A85001AB0B3 /* NetworkingMentoringSessionTests */ = {
			isa = PBXGroup;
			children = (
				1CB5DFF329CD8A85001AB0B3 /* NetworkingMentoringSessionTests.swift */,
			);
			path = NetworkingMentoringSessionTests;
			sourceTree = "<group>";
		};
		1CB5DFFC29CD8A85001AB0B3 /* NetworkingMentoringSessionUITests */ = {
			isa = PBXGroup;
			children = (
				1CB5DFFD29CD8A85001AB0B3 /* NetworkingMentoringSessionUITests.swift */,
				1CB5DFFF29CD8A85001AB0B3 /* NetworkingMentoringSessionUITestsLaunchTests.swift */,
			);
			path = NetworkingMentoringSessionUITests;
			sourceTree = "<group>";
		};
/* End PBXGroup section */

/* Begin PBXNativeTarget section */
		1CB5DFD829CD8A84001AB0B3 /* NetworkingMentoringSession */ = {
			isa = PBXNativeTarget;
			buildConfigurationList = 1CB5E00329CD8A85001AB0B3 /* Build configuration list for PBXNativeTarget "NetworkingMentoringSession" */;
			buildPhases = (
				1CB5DFD529CD8A84001AB0B3 /* Sources */,
				1CB5DFD629CD8A84001AB0B3 /* Frameworks */,
				1CB5DFD729CD8A84001AB0B3 /* Resources */,
			);
			buildRules = (
			);
			dependencies = (
			);
			name = NetworkingMentoringSession;
			productName = NetworkingMentoringSession;
			productReference = 1CB5DFD929CD8A84001AB0B3 /* NetworkingMentoringSession.app */;
			productType = "com.apple.product-type.application";
		};
		1CB5DFEE29CD8A85001AB0B3 /* NetworkingMentoringSessionTests */ = {
			isa = PBXNativeTarget;
			buildConfigurationList = 1CB5E00629CD8A85001AB0B3 /* Build configuration list for PBXNativeTarget "NetworkingMentoringSessionTests" */;
			buildPhases = (
				1CB5DFEB29CD8A85001AB0B3 /* Sources */,
				1CB5DFEC29CD8A85001AB0B3 /* Frameworks */,
				1CB5DFED29CD8A85001AB0B3 /* Resources */,
			);
			buildRules = (
			);
			dependencies = (
				1CB5DFF129CD8A85001AB0B3 /* PBXTargetDependency */,
			);
			name = NetworkingMentoringSessionTests;
			productName = NetworkingMentoringSessionTests;
			productReference = 1CB5DFEF29CD8A85001AB0B3 /* NetworkingMentoringSessionTests.xctest */;
			productType = "com.apple.product-type.bundle.unit-test";
		};
		1CB5DFF829CD8A85001AB0B3 /* NetworkingMentoringSessionUITests */ = {
			isa = PBXNativeTarget;
			buildConfigurationList = 1CB5E00929CD8A85001AB0B3 /* Build configuration list for PBXNativeTarget "NetworkingMentoringSessionUITests" */;
			buildPhases = (
				1CB5DFF529CD8A85001AB0B3 /* Sources */,
				1CB5DFF629CD8A85001AB0B3 /* Frameworks */,
				1CB5DFF729CD8A85001AB0B3 /* Resources */,
			);
			buildRules = (
			);
			dependencies = (
				1CB5DFFB29CD8A85001AB0B3 /* PBXTargetDependency */,
			);
			name = NetworkingMentoringSessionUITests;
			productName = NetworkingMentoringSessionUITests;
			productReference = 1CB5DFF929CD8A85001AB0B3 /* NetworkingMentoringSessionUITests.xctest */;
			productType = "com.apple.product-type.bundle.ui-testing";
		};
/* End PBXNativeTarget section */

/* Begin PBXProject section */
		1CB5DFD129CD8A84001AB0B3 /* Project object */ = {
			isa = PBXProject;
			attributes = {
				BuildIndependentTargetsInParallel = 1;
				LastSwiftUpdateCheck = 1420;
				LastUpgradeCheck = 1420;
				TargetAttributes = {
					1CB5DFD829CD8A84001AB0B3 = {
						CreatedOnToolsVersion = 14.2;
					};
					1CB5DFEE29CD8A85001AB0B3 = {
						CreatedOnToolsVersion = 14.2;
						TestTargetID = 1CB5DFD829CD8A84001AB0B3;
					};
					1CB5DFF829CD8A85001AB0B3 = {
						CreatedOnToolsVersion = 14.2;
						TestTargetID = 1CB5DFD829CD8A84001AB0B3;
					};
				};
			};
			buildConfigurationList = 1CB5DFD429CD8A84001AB0B3 /* Build configuration list for PBXProject "NetworkingMentoringSession" */;
			compatibilityVersion = "Xcode 14.0";
			developmentRegion = en;
			hasScannedForEncodings = 0;
			knownRegions = (
				en,
				Base,
			);
			mainGroup = 1CB5DFD029CD8A84001AB0B3;
			productRefGroup = 1CB5DFDA29CD8A84001AB0B3 /* Products */;
			projectDirPath = "";
			projectRoot = "";
			targets = (
				1CB5DFD829CD8A84001AB0B3 /* NetworkingMentoringSession */,
				1CB5DFEE29CD8A85001AB0B3 /* NetworkingMentoringSessionTests */,
				1CB5DFF829CD8A85001AB0B3 /* NetworkingMentoringSessionUITests */,
			);
		};
/* End PBXProject section */

/* Begin PBXResourcesBuildPhase section */
		1CB5DFD729CD8A84001AB0B3 /* Resources */ = {
			isa = PBXResourcesBuildPhase;
			buildActionMask = 2147483647;
			files = (
				1CB5DFE929CD8A85001AB0B3 /* LaunchScreen.storyboard in Resources */,
				1CB5DFE629CD8A85001AB0B3 /* Assets.xcassets in Resources */,
				1CB5DFE429CD8A84001AB0B3 /* Main.storyboard in Resources */,
			);
			runOnlyForDeploymentPostprocessing = 0;
		};
		1CB5DFED29CD8A85001AB0B3 /* Resources */ = {
			isa = PBXResourcesBuildPhase;
			buildActionMask = 2147483647;
			files = (
			);
			runOnlyForDeploymentPostprocessing = 0;
		};
		1CB5DFF729CD8A85001AB0B3 /* Resources */ = {
			isa = PBXResourcesBuildPhase;
			buildActionMask = 2147483647;
			files = (
			);
			runOnlyForDeploymentPostprocessing = 0;
		};
/* End PBXResourcesBuildPhase section */

/* Begin PBXSourcesBuildPhase section */
		1CB5DFD529CD8A84001AB0B3 /* Sources */ = {
			isa = PBXSourcesBuildPhase;
			buildActionMask = 2147483647;
			files = (
				1CB5DFE129CD8A84001AB0B3 /* ViewController.swift in Sources */,
				1CB5DFDD29CD8A84001AB0B3 /* AppDelegate.swift in Sources */,
				1CB5DFDF29CD8A84001AB0B3 /* SceneDelegate.swift in Sources */,
			);
			runOnlyForDeploymentPostprocessing = 0;
		};
		1CB5DFEB29CD8A85001AB0B3 /* Sources */ = {
			isa = PBXSourcesBuildPhase;
			buildActionMask = 2147483647;
			files = (
				1CB5DFF429CD8A85001AB0B3 /* NetworkingMentoringSessionTests.swift in Sources */,
			);
			runOnlyForDeploymentPostprocessing = 0;
		};
		1CB5DFF529CD8A85001AB0B3 /* Sources */ = {
			isa = PBXSourcesBuildPhase;
			buildActionMask = 2147483647;
			files = (
				1CB5DFFE29CD8A85001AB0B3 /* NetworkingMentoringSessionUITests.swift in Sources */,
				1CB5E00029CD8A85001AB0B3 /* NetworkingMentoringSessionUITestsLaunchTests.swift in Sources */,
			);
			runOnlyForDeploymentPostprocessing = 0;
		};
/* End PBXSourcesBuildPhase section */

/* Begin PBXTargetDependency section */
		1CB5DFF129CD8A85001AB0B3 /* PBXTargetDependency */ = {
			isa = PBXTargetDependency;
			target = 1CB5DFD829CD8A84001AB0B3 /* NetworkingMentoringSession */;
			targetProxy = 1CB5DFF029CD8A85001AB0B3 /* PBXContainerItemProxy */;
		};
		1CB5DFFB29CD8A85001AB0B3 /* PBXTargetDependency */ = {
			isa = PBXTargetDependency;
			target = 1CB5DFD829CD8A84001AB0B3 /* NetworkingMentoringSession */;
			targetProxy = 1CB5DFFA29CD8A85001AB0B3 /* PBXContainerItemProxy */;
		};
/* End PBXTargetDependency section */

/* Begin PBXVariantGroup section */
		1CB5DFE229CD8A84001AB0B3 /* Main.storyboard */ = {
			isa = PBXVariantGroup;
			children = (
				1CB5DFE329CD8A84001AB0B3 /* Base */,
			);
			name = Main.storyboard;
			sourceTree = "<group>";
		};
		1CB5DFE729CD8A85001AB0B3 /* LaunchScreen.storyboard */ = {
			isa = PBXVariantGroup;
			children = (
				1CB5DFE829CD8A85001AB0B3 /* Base */,
			);
			name = LaunchScreen.storyboard;
			sourceTree = "<group>";
		};
/* End PBXVariantGroup section */

/* Begin XCBuildConfiguration section */
		1CB5E00129CD8A85001AB0B3 /* Debug */ = {
			isa = XCBuildConfiguration;
			buildSettings = {
				ALWAYS_SEARCH_USER_PATHS = NO;
				CLANG_ANALYZER_NONNULL = YES;
				CLANG_ANALYZER_NUMBER_OBJECT_CONVERSION = YES_AGGRESSIVE;
				CLANG_CXX_LANGUAGE_STANDARD = "gnu++20";
				CLANG_ENABLE_MODULES = YES;
				CLANG_ENABLE_OBJC_ARC = YES;
				CLANG_ENABLE_OBJC_WEAK = YES;
				CLANG_WARN_BLOCK_CAPTURE_AUTORELEASING = YES;
				CLANG_WARN_BOOL_CONVERSION = YES;
				CLANG_WARN_COMMA = YES;
				CLANG_WARN_CONSTANT_CONVERSION = YES;
				CLANG_WARN_DEPRECATED_OBJC_IMPLEMENTATIONS = YES;
				CLANG_WARN_DIRECT_OBJC_ISA_USAGE = YES_ERROR;
				CLANG_WARN_DOCUMENTATION_COMMENTS = YES;
				CLANG_WARN_EMPTY_BODY = YES;
				CLANG_WARN_ENUM_CONVERSION = YES;
				CLANG_WARN_INFINITE_RECURSION = YES;
				CLANG_WARN_INT_CONVERSION = YES;
				CLANG_WARN_NON_LITERAL_NULL_CONVERSION = YES;
				CLANG_WARN_OBJC_IMPLICIT_RETAIN_SELF = YES;
				CLANG_WARN_OBJC_LITERAL_CONVERSION = YES;
				CLANG_WARN_OBJC_ROOT_CLASS = YES_ERROR;
				CLANG_WARN_QUOTED_INCLUDE_IN_FRAMEWORK_HEADER = YES;
				CLANG_WARN_RANGE_LOOP_ANALYSIS = YES;
				CLANG_WARN_STRICT_PROTOTYPES = YES;
				CLANG_WARN_SUSPICIOUS_MOVE = YES;
				CLANG_WARN_UNGUARDED_AVAILABILITY = YES_AGGRESSIVE;
				CLANG_WARN_UNREACHABLE_CODE = YES;
				CLANG_WARN__DUPLICATE_METHOD_MATCH = YES;
				COPY_PHASE_STRIP = NO;
				DEBUG_INFORMATION_FORMAT = dwarf;
				ENABLE_STRICT_OBJC_MSGSEND = YES;
				ENABLE_TESTABILITY = YES;
				GCC_C_LANGUAGE_STANDARD = gnu11;
				GCC_DYNAMIC_NO_PIC = NO;
				GCC_NO_COMMON_BLOCKS = YES;
				GCC_OPTIMIZATION_LEVEL = 0;
				GCC_PREPROCESSOR_DEFINITIONS = (
					"DEBUG=1",
					"$(inherited)",
				);
				GCC_WARN_64_TO_32_BIT_CONVERSION = YES;
				GCC_WARN_ABOUT_RETURN_TYPE = YES_ERROR;
				GCC_WARN_UNDECLARED_SELECTOR = YES;
				GCC_WARN_UNINITIALIZED_AUTOS = YES_AGGRESSIVE;
				GCC_WARN_UNUSED_FUNCTION = YES;
				GCC_WARN_UNUSED_VARIABLE = YES;
				IPHONEOS_DEPLOYMENT_TARGET = 16.2;
				MTL_ENABLE_DEBUG_INFO = INCLUDE_SOURCE;
				MTL_FAST_MATH = YES;
				ONLY_ACTIVE_ARCH = YES;
				SDKROOT = iphoneos;
				SWIFT_ACTIVE_COMPILATION_CONDITIONS = DEBUG;
				SWIFT_OPTIMIZATION_LEVEL = "-Onone";
			};
			name = Debug;
		};
		1CB5E00229CD8A85001AB0B3 /* Release */ = {
			isa = XCBuildConfiguration;
			buildSettings = {
				ALWAYS_SEARCH_USER_PATHS = NO;
				CLANG_ANALYZER_NONNULL = YES;
				CLANG_ANALYZER_NUMBER_OBJECT_CONVERSION = YES_AGGRESSIVE;
				CLANG_CXX_LANGUAGE_STANDARD = "gnu++20";
				CLANG_ENABLE_MODULES = YES;
				CLANG_ENABLE_OBJC_ARC = YES;
				CLANG_ENABLE_OBJC_WEAK = YES;
				CLANG_WARN_BLOCK_CAPTURE_AUTORELEASING = YES;
				CLANG_WARN_BOOL_CONVERSION = YES;
				CLANG_WARN_COMMA = YES;
				CLANG_WARN_CONSTANT_CONVERSION = YES;
				CLANG_WARN_DEPRECATED_OBJC_IMPLEMENTATIONS = YES;
				CLANG_WARN_DIRECT_OBJC_ISA_USAGE = YES_ERROR;
				CLANG_WARN_DOCUMENTATION_COMMENTS = YES;
				CLANG_WARN_EMPTY_BODY = YES;
				CLANG_WARN_ENUM_CONVERSION = YES;
				CLANG_WARN_INFINITE_RECURSION = YES;
				CLANG_WARN_INT_CONVERSION = YES;
				CLANG_WARN_NON_LITERAL_NULL_CONVERSION = YES;
				CLANG_WARN_OBJC_IMPLICIT_RETAIN_SELF = YES;
				CLANG_WARN_OBJC_LITERAL_CONVERSION = YES;
				CLANG_WARN_OBJC_ROOT_CLASS = YES_ERROR;
				CLANG_WARN_QUOTED_INCLUDE_IN_FRAMEWORK_HEADER = YES;
				CLANG_WARN_RANGE_LOOP_ANALYSIS = YES;
				CLANG_WARN_STRICT_PROTOTYPES = YES;
				CLANG_WARN_SUSPICIOUS_MOVE = YES;
				CLANG_WARN_UNGUARDED_AVAILABILITY = YES_AGGRESSIVE;
				CLANG_WARN_UNREACHABLE_CODE = YES;
				CLANG_WARN__DUPLICATE_METHOD_MATCH = YES;
				COPY_PHASE_STRIP = NO;
				DEBUG_INFORMATION_FORMAT = "dwarf-with-dsym";
				ENABLE_NS_ASSERTIONS = NO;
				ENABLE_STRICT_OBJC_MSGSEND = YES;
				GCC_C_LANGUAGE_STANDARD = gnu11;
				GCC_NO_COMMON_BLOCKS = YES;
				GCC_WARN_64_TO_32_BIT_CONVERSION = YES;
				GCC_WARN_ABOUT_RETURN_TYPE = YES_ERROR;
				GCC_WARN_UNDECLARED_SELECTOR = YES;
				GCC_WARN_UNINITIALIZED_AUTOS = YES_AGGRESSIVE;
				GCC_WARN_UNUSED_FUNCTION = YES;
				GCC_WARN_UNUSED_VARIABLE = YES;
				IPHONEOS_DEPLOYMENT_TARGET = 16.2;
				MTL_ENABLE_DEBUG_INFO = NO;
				MTL_FAST_MATH = YES;
				SDKROOT = iphoneos;
				SWIFT_COMPILATION_MODE = wholemodule;
				SWIFT_OPTIMIZATION_LEVEL = "-O";
				VALIDATE_PRODUCT = YES;
			};
			name = Release;
		};
		1CB5E00429CD8A85001AB0B3 /* Debug */ = {
			isa = XCBuildConfiguration;
			buildSettings = {
				ASSETCATALOG_COMPILER_APPICON_NAME = AppIcon;
				ASSETCATALOG_COMPILER_GLOBAL_ACCENT_COLOR_NAME = AccentColor;
				CODE_SIGN_STYLE = Automatic;
				CURRENT_PROJECT_VERSION = 1;
				GENERATE_INFOPLIST_FILE = YES;
				INFOPLIST_FILE = NetworkingMentoringSession/Info.plist;
				INFOPLIST_KEY_UIApplicationSupportsIndirectInputEvents = YES;
				INFOPLIST_KEY_UILaunchStoryboardName = LaunchScreen;
				INFOPLIST_KEY_UIMainStoryboardFile = Main;
				INFOPLIST_KEY_UISupportedInterfaceOrientations_iPad = "UIInterfaceOrientationPortrait UIInterfaceOrientationPortraitUpsideDown UIInterfaceOrientationLandscapeLeft UIInterfaceOrientationLandscapeRight";
				INFOPLIST_KEY_UISupportedInterfaceOrientations_iPhone = "UIInterfaceOrientationPortrait UIInterfaceOrientationLandscapeLeft UIInterfaceOrientationLandscapeRight";
				LD_RUNPATH_SEARCH_PATHS = (
					"$(inherited)",
					"@executable_path/Frameworks",
				);
				MARKETING_VERSION = 1.0;
				PRODUCT_BUNDLE_IDENTIFIER = Calculator.NetworkingMentoringSession;
				PRODUCT_NAME = "$(TARGET_NAME)";
				SWIFT_EMIT_LOC_STRINGS = YES;
				SWIFT_VERSION = 5.0;
				TARGETED_DEVICE_FAMILY = "1,2";
			};
			name = Debug;
		};
		1CB5E00529CD8A85001AB0B3 /* Release */ = {
			isa = XCBuildConfiguration;
			buildSettings = {
				ASSETCATALOG_COMPILER_APPICON_NAME = AppIcon;
				ASSETCATALOG_COMPILER_GLOBAL_ACCENT_COLOR_NAME = AccentColor;
				CODE_SIGN_STYLE = Automatic;
				CURRENT_PROJECT_VERSION = 1;
				GENERATE_INFOPLIST_FILE = YES;
				INFOPLIST_FILE = NetworkingMentoringSession/Info.plist;
				INFOPLIST_KEY_UIApplicationSupportsIndirectInputEvents = YES;
				INFOPLIST_KEY_UILaunchStoryboardName = LaunchScreen;
				INFOPLIST_KEY_UIMainStoryboardFile = Main;
				INFOPLIST_KEY_UISupportedInterfaceOrientations_iPad = "UIInterfaceOrientationPortrait UIInterfaceOrientationPortraitUpsideDown UIInterfaceOrientationLandscapeLeft UIInterfaceOrientationLandscapeRight";
				INFOPLIST_KEY_UISupportedInterfaceOrientations_iPhone = "UIInterfaceOrientationPortrait UIInterfaceOrientationLandscapeLeft UIInterfaceOrientationLandscapeRight";
				LD_RUNPATH_SEARCH_PATHS = (
					"$(inherited)",
					"@executable_path/Frameworks",
				);
				MARKETING_VERSION = 1.0;
				PRODUCT_BUNDLE_IDENTIFIER = Calculator.NetworkingMentoringSession;
				PRODUCT_NAME = "$(TARGET_NAME)";
				SWIFT_EMIT_LOC_STRINGS = YES;
				SWIFT_VERSION = 5.0;
				TARGETED_DEVICE_FAMILY = "1,2";
			};
			name = Release;
		};
		1CB5E00729CD8A85001AB0B3 /* Debug */ = {
			isa = XCBuildConfiguration;
			buildSettings = {
				ALWAYS_EMBED_SWIFT_STANDARD_LIBRARIES = YES;
				BUNDLE_LOADER = "$(TEST_HOST)";
				CODE_SIGN_STYLE = Automatic;
				CURRENT_PROJECT_VERSION = 1;
				GENERATE_INFOPLIST_FILE = YES;
				IPHONEOS_DEPLOYMENT_TARGET = 16.2;
				MARKETING_VERSION = 1.0;
				PRODUCT_BUNDLE_IDENTIFIER = Calculator.NetworkingMentoringSessionTests;
				PRODUCT_NAME = "$(TARGET_NAME)";
				SWIFT_EMIT_LOC_STRINGS = NO;
				SWIFT_VERSION = 5.0;
				TARGETED_DEVICE_FAMILY = "1,2";
				TEST_HOST = "$(BUILT_PRODUCTS_DIR)/NetworkingMentoringSession.app/$(BUNDLE_EXECUTABLE_FOLDER_PATH)/NetworkingMentoringSession";
			};
			name = Debug;
		};
		1CB5E00829CD8A85001AB0B3 /* Release */ = {
			isa = XCBuildConfiguration;
			buildSettings = {
				ALWAYS_EMBED_SWIFT_STANDARD_LIBRARIES = YES;
				BUNDLE_LOADER = "$(TEST_HOST)";
				CODE_SIGN_STYLE = Automatic;
				CURRENT_PROJECT_VERSION = 1;
				GENERATE_INFOPLIST_FILE = YES;
				IPHONEOS_DEPLOYMENT_TARGET = 16.2;
				MARKETING_VERSION = 1.0;
				PRODUCT_BUNDLE_IDENTIFIER = Calculator.NetworkingMentoringSessionTests;
				PRODUCT_NAME = "$(TARGET_NAME)";
				SWIFT_EMIT_LOC_STRINGS = NO;
				SWIFT_VERSION = 5.0;
				TARGETED_DEVICE_FAMILY = "1,2";
				TEST_HOST = "$(BUILT_PRODUCTS_DIR)/NetworkingMentoringSession.app/$(BUNDLE_EXECUTABLE_FOLDER_PATH)/NetworkingMentoringSession";
			};
			name = Release;
		};
		1CB5E00A29CD8A85001AB0B3 /* Debug */ = {
			isa = XCBuildConfiguration;
			buildSettings = {
				ALWAYS_EMBED_SWIFT_STANDARD_LIBRARIES = YES;
				CODE_SIGN_STYLE = Automatic;
				CURRENT_PROJECT_VERSION = 1;
				GENERATE_INFOPLIST_FILE = YES;
				MARKETING_VERSION = 1.0;
				PRODUCT_BUNDLE_IDENTIFIER = Calculator.NetworkingMentoringSessionUITests;
				PRODUCT_NAME = "$(TARGET_NAME)";
				SWIFT_EMIT_LOC_STRINGS = NO;
				SWIFT_VERSION = 5.0;
				TARGETED_DEVICE_FAMILY = "1,2";
				TEST_TARGET_NAME = NetworkingMentoringSession;
			};
			name = Debug;
		};
		1CB5E00B29CD8A85001AB0B3 /* Release */ = {
			isa = XCBuildConfiguration;
			buildSettings = {
				ALWAYS_EMBED_SWIFT_STANDARD_LIBRARIES = YES;
				CODE_SIGN_STYLE = Automatic;
				CURRENT_PROJECT_VERSION = 1;
				GENERATE_INFOPLIST_FILE = YES;
				MARKETING_VERSION = 1.0;
				PRODUCT_BUNDLE_IDENTIFIER = Calculator.NetworkingMentoringSessionUITests;
				PRODUCT_NAME = "$(TARGET_NAME)";
				SWIFT_EMIT_LOC_STRINGS = NO;
				SWIFT_VERSION = 5.0;
				TARGETED_DEVICE_FAMILY = "1,2";
				TEST_TARGET_NAME = NetworkingMentoringSession;
			};
			name = Release;
		};
/* End XCBuildConfiguration section */

/* Begin XCConfigurationList section */
		1CB5DFD429CD8A84001AB0B3 /* Build configuration list for PBXProject "NetworkingMentoringSession" */ = {
			isa = XCConfigurationList;
			buildConfigurations = (
				1CB5E00129CD8A85001AB0B3 /* Debug */,
				1CB5E00229CD8A85001AB0B3 /* Release */,
			);
			defaultConfigurationIsVisible = 0;
			defaultConfigurationName = Release;
		};
		1CB5E00329CD8A85001AB0B3 /* Build configuration list for PBXNativeTarget "NetworkingMentoringSession" */ = {
			isa = XCConfigurationList;
			buildConfigurations = (
				1CB5E00429CD8A85001AB0B3 /* Debug */,
				1CB5E00529CD8A85001AB0B3 /* Release */,
			);
			defaultConfigurationIsVisible = 0;
			defaultConfigurationName = Release;
		};
		1CB5E00629CD8A85001AB0B3 /* Build configuration list for PBXNativeTarget "NetworkingMentoringSessionTests" */ = {
			isa = XCConfigurationList;
			buildConfigurations = (
				1CB5E00729CD8A85001AB0B3 /* Debug */,
				1CB5E00829CD8A85001AB0B3 /* Release */,
			);
			defaultConfigurationIsVisible = 0;
			defaultConfigurationName = Release;
		};
		1CB5E00929CD8A85001AB0B3 /* Build configuration list for PBXNativeTarget "NetworkingMentoringSessionUITests" */ = {
			isa = XCConfigurationList;
			buildConfigurations = (
				1CB5E00A29CD8A85001AB0B3 /* Debug */,
				1CB5E00B29CD8A85001AB0B3 /* Release */,
			);
			defaultConfigurationIsVisible = 0;
			defaultConfigurationName = Release;
		};
/* End XCConfigurationList section */
	};
	rootObject = 1CB5DFD129CD8A84001AB0B3 /* Project object */;
}
